
Microsoft Visual Studio Solution File, Format Version 12.00
# Visual Studio Version 17
VisualStudioVersion = 17.1.32319.34
MinimumVisualStudioVersion = 10.0.40219.1
Project("{9A19103F-16F7-4668-BE54-9A1E7A4F7556}") = "CompanyApp.WebApi", "src\CompanyApp.WebApi\CompanyApp.WebApi.csproj", "{3369E4F6-3902-4986-ACE4-A37A68C2CC0B}"
EndProject
Project("{9A19103F-16F7-4668-BE54-9A1E7A4F7556}") = "CompanyApp.Application", "src\CompanyApp.Application\CompanyApp.Application.csproj", "{6D72B421-B7C3-4ECF-B669-BBA1D398EFE0}"
EndProject
Project("{2150E333-8FDC-42A3-9474-1A3956D46DE8}") = "Solution Items", "Solution Items", "{CBC522E4-6A21-4B8F-91C3-6DC0201015E6}"
	ProjectSection(SolutionItems) = preProject
		.editorconfig = .editorconfig
		.gitattributes = .gitattributes
		.gitignore = .gitignore
		nuget.config = nuget.config
		readme.md = readme.md
	EndProjectSection
EndProject
Project("{2150E333-8FDC-42A3-9474-1A3956D46DE8}") = "src", "src", "{CD196998-5D8D-409A-B5D6-5FA1B9DCE45B}"
EndProject
Project("{2150E333-8FDC-42A3-9474-1A3956D46DE8}") = "tests", "tests", "{AAFA3103-8CE7-4FFC-BA9B-016E3777AD60}"
EndProject
Project("{9A19103F-16F7-4668-BE54-9A1E7A4F7556}") = "CompanyApp.UnitTests", "tests\CompanyApp.UnitTests\CompanyApp.UnitTests.csproj", "{64128126-46A4-4914-A4BC-78FDD5BBCC4E}"
EndProject
Project("{9A19103F-16F7-4668-BE54-9A1E7A4F7556}") = "CompanyApp.IntegrationTests", "tests\CompanyApp.IntegrationTests\CompanyApp.IntegrationTests.csproj", "{6734B072-CB94-49DA-AFBB-AA65C0376A1B}"
EndProject
Global
	GlobalSection(SolutionConfigurationPlatforms) = preSolution
		Debug|Any CPU = Debug|Any CPU
		Release|Any CPU = Release|Any CPU
	EndGlobalSection
	GlobalSection(ProjectConfigurationPlatforms) = postSolution
		{3369E4F6-3902-4986-ACE4-A37A68C2CC0B}.Debug|Any CPU.ActiveCfg = Debug|Any CPU
		{3369E4F6-3902-4986-ACE4-A37A68C2CC0B}.Debug|Any CPU.Build.0 = Debug|Any CPU
		{3369E4F6-3902-4986-ACE4-A37A68C2CC0B}.Release|Any CPU.ActiveCfg = Release|Any CPU
		{3369E4F6-3902-4986-ACE4-A37A68C2CC0B}.Release|Any CPU.Build.0 = Release|Any CPU
		{6D72B421-B7C3-4ECF-B669-BBA1D398EFE0}.Debug|Any CPU.ActiveCfg = Debug|Any CPU
		{6D72B421-B7C3-4ECF-B669-BBA1D398EFE0}.Debug|Any CPU.Build.0 = Debug|Any CPU
		{6D72B421-B7C3-4ECF-B669-BBA1D398EFE0}.Release|Any CPU.ActiveCfg = Release|Any CPU
		{6D72B421-B7C3-4ECF-B669-BBA1D398EFE0}.Release|Any CPU.Build.0 = Release|Any CPU
		{64128126-46A4-4914-A4BC-78FDD5BBCC4E}.Debug|Any CPU.ActiveCfg = Debug|Any CPU
		{64128126-46A4-4914-A4BC-78FDD5BBCC4E}.Debug|Any CPU.Build.0 = Debug|Any CPU
		{64128126-46A4-4914-A4BC-78FDD5BBCC4E}.Release|Any CPU.ActiveCfg = Release|Any CPU
		{64128126-46A4-4914-A4BC-78FDD5BBCC4E}.Release|Any CPU.Build.0 = Release|Any CPU
		{6734B072-CB94-49DA-AFBB-AA65C0376A1B}.Debug|Any CPU.ActiveCfg = Debug|Any CPU
		{6734B072-CB94-49DA-AFBB-AA65C0376A1B}.Debug|Any CPU.Build.0 = Debug|Any CPU
		{6734B072-CB94-49DA-AFBB-AA65C0376A1B}.Release|Any CPU.ActiveCfg = Release|Any CPU
		{6734B072-CB94-49DA-AFBB-AA65C0376A1B}.Release|Any CPU.Build.0 = Release|Any CPU
	EndGlobalSection
	GlobalSection(SolutionProperties) = preSolution
		HideSolutionNode = FALSE
	EndGlobalSection
	GlobalSection(NestedProjects) = preSolution
		{3369E4F6-3902-4986-ACE4-A37A68C2CC0B} = {CD196998-5D8D-409A-B5D6-5FA1B9DCE45B}
		{6D72B421-B7C3-4ECF-B669-BBA1D398EFE0} = {CD196998-5D8D-409A-B5D6-5FA1B9DCE45B}
		{64128126-46A4-4914-A4BC-78FDD5BBCC4E} = {AAFA3103-8CE7-4FFC-BA9B-016E3777AD60}
		{6734B072-CB94-49DA-AFBB-AA65C0376A1B} = {AAFA3103-8CE7-4FFC-BA9B-016E3777AD60}
	EndGlobalSection
	GlobalSection(ExtensibilityGlobals) = postSolution
		SolutionGuid = {6119A33D-B0EE-4329-8164-67949E3CA264}
	EndGlobalSection
EndGlobal
